
Microsoft Visual Studio Solution File, Format Version 12.00
# Visual Studio 15
Project("{FAE04EC0-301F-11D3-BF4B-00C04F79EFBC}") = "Assembly-CSharp", "Assembly-CSharp.csproj", "{8E2DD4C8-F1ED-4CCD-FFD1-BDFA992A3E94}"
EndProject
Project("{FAE04EC0-301F-11D3-BF4B-00C04F79EFBC}") = "Oculus.VR", "Oculus.VR.csproj", "{BF26C8D0-B016-BA29-C207-CAF36AD692E9}"
EndProject
Project("{FAE04EC0-301F-11D3-BF4B-00C04F79EFBC}") = "Assembly-CSharp-Editor", "Assembly-CSharp-Editor.csproj", "{0C58BEE8-D590-92B5-A4AF-DE4DDA84A64F}"
EndProject
Project("{FAE04EC0-301F-11D3-BF4B-00C04F79EFBC}") = "Oculus.VR.Scripts.Editor", "Oculus.VR.Scripts.Editor.csproj", "{E49716A1-B21A-6177-8EBA-FF99CE1664AF}"
EndProject
Project("{FAE04EC0-301F-11D3-BF4B-00C04F79EFBC}") = "Oculus.VR.Editor", "Oculus.VR.Editor.csproj", "{9D66359B-B9EE-4D9C-517B-8F695585A3F5}"
EndProject
Global
	GlobalSection(SolutionConfigurationPlatforms) = preSolution
		Debug|Any CPU = Debug|Any CPU
		Release|Any CPU = Release|Any CPU
	EndGlobalSection
	GlobalSection(ProjectConfigurationPlatforms) = postSolution
		{8E2DD4C8-F1ED-4CCD-FFD1-BDFA992A3E94}.Debug|Any CPU.ActiveCfg = Debug|Any CPU
		{8E2DD4C8-F1ED-4CCD-FFD1-BDFA992A3E94}.Debug|Any CPU.Build.0 = Debug|Any CPU
		{8E2DD4C8-F1ED-4CCD-FFD1-BDFA992A3E94}.Release|Any CPU.ActiveCfg = Release|Any CPU
		{8E2DD4C8-F1ED-4CCD-FFD1-BDFA992A3E94}.Release|Any CPU.Build.0 = Release|Any CPU
		{BF26C8D0-B016-BA29-C207-CAF36AD692E9}.Debug|Any CPU.ActiveCfg = Debug|Any CPU
		{BF26C8D0-B016-BA29-C207-CAF36AD692E9}.Debug|Any CPU.Build.0 = Debug|Any CPU
		{BF26C8D0-B016-BA29-C207-CAF36AD692E9}.Release|Any CPU.ActiveCfg = Release|Any CPU
		{BF26C8D0-B016-BA29-C207-CAF36AD692E9}.Release|Any CPU.Build.0 = Release|Any CPU
		{0C58BEE8-D590-92B5-A4AF-DE4DDA84A64F}.Debug|Any CPU.ActiveCfg = Debug|Any CPU
		{0C58BEE8-D590-92B5-A4AF-DE4DDA84A64F}.Debug|Any CPU.Build.0 = Debug|Any CPU
		{0C58BEE8-D590-92B5-A4AF-DE4DDA84A64F}.Release|Any CPU.ActiveCfg = Release|Any CPU
		{0C58BEE8-D590-92B5-A4AF-DE4DDA84A64F}.Release|Any CPU.Build.0 = Release|Any CPU
		{E49716A1-B21A-6177-8EBA-FF99CE1664AF}.Debug|Any CPU.ActiveCfg = Debug|Any CPU
		{E49716A1-B21A-6177-8EBA-FF99CE1664AF}.Debug|Any CPU.Build.0 = Debug|Any CPU
		{E49716A1-B21A-6177-8EBA-FF99CE1664AF}.Release|Any CPU.ActiveCfg = Release|Any CPU
		{E49716A1-B21A-6177-8EBA-FF99CE1664AF}.Release|Any CPU.Build.0 = Release|Any CPU
		{9D66359B-B9EE-4D9C-517B-8F695585A3F5}.Debug|Any CPU.ActiveCfg = Debug|Any CPU
		{9D66359B-B9EE-4D9C-517B-8F695585A3F5}.Debug|Any CPU.Build.0 = Debug|Any CPU
		{9D66359B-B9EE-4D9C-517B-8F695585A3F5}.Release|Any CPU.ActiveCfg = Release|Any CPU
		{9D66359B-B9EE-4D9C-517B-8F695585A3F5}.Release|Any CPU.Build.0 = Release|Any CPU
	EndGlobalSection
	GlobalSection(SolutionProperties) = preSolution
		HideSolutionNode = FALSE
	EndGlobalSection
EndGlobal
